
Microsoft Visual Studio Solution File, Format Version 12.00
# Visual Studio 2013
VisualStudioVersion = 12.0.21005.1
MinimumVisualStudioVersion = 10.0.40219.1
Project("{2150E333-8FDC-42A3-9474-1A3956D46DE8}") = "Chapter1", "Chapter1", "{CD16B1BC-08BD-433F-8E1F-0E44B0231DB2}"
EndProject
Project("{FAE04EC0-301F-11D3-BF4B-00C04F79EFBC}") = "HOONS.TDD.Chapter1.SampleExample", "HOONS.TDD.Chapter1.SampleExample\HOONS.TDD.Chapter1.SampleExample.csproj", "{2E1E06F5-5DA0-4E3B-9A06-D54A9AA32A08}"
EndProject
Project("{FAE04EC0-301F-11D3-BF4B-00C04F79EFBC}") = "HOONS.TDD.Chapter1.SampleExample.Test", "HOONS.TDD.Chapter1.SampleExample.Test\HOONS.TDD.Chapter1.SampleExample.Test.csproj", "{8655F991-E36A-4D1E-BF95-A37BE5705956}"
EndProject
Project("{2150E333-8FDC-42A3-9474-1A3956D46DE8}") = "Chapter2", "Chapter2", "{25C322AC-2A22-4EE5-B790-4881BF0873D5}"
EndProject
Project("{FAE04EC0-301F-11D3-BF4B-00C04F79EFBC}") = "HOONS.TDD.Chapter2.TaxCalculator", "HOONS.TDD.Chapter2.TaxCalculator\HOONS.TDD.Chapter2.TaxCalculator.csproj", "{3BEDF21C-D913-4D86-A3AC-10C9C6FF5B1A}"
EndProject
Project("{FAE04EC0-301F-11D3-BF4B-00C04F79EFBC}") = "HOONS.TDDChapter2.TaxCalculator.Test", "HOONS.TDDChapter2.TexCalculator.Test\HOONS.TDDChapter2.TaxCalculator.Test.csproj", "{4B03C018-200C-4A77-B624-ECD0A1E4DBFE}"
EndProject
Project("{2150E333-8FDC-42A3-9474-1A3956D46DE8}") = "Chapter3", "Chapter3", "{40180130-681D-4A38-9F7C-4F15352FDE36}"
EndProject
Project("{FAE04EC0-301F-11D3-BF4B-00C04F79EFBC}") = "HOONS.TDD.Chapter3.SOLID", "HOONS.TDD.Chapter3.SOLID\HOONS.TDD.Chapter3.SOLID.csproj", "{B4BCF400-5DDE-441B-B148-395EA1BF4D70}"
EndProject
Project("{FAE04EC0-301F-11D3-BF4B-00C04F79EFBC}") = "HOONS.TDD.Chapter3.SOLID.Test", "HOONS.TDD.Chapter3.SOLID.Test\HOONS.TDD.Chapter3.SOLID.Test.csproj", "{900AC8DC-74CD-430E-9E9E-43935B28CE0B}"
EndProject
Project("{2150E333-8FDC-42A3-9474-1A3956D46DE8}") = "Chapter4", "Chapter4", "{463966B8-BEEA-439B-B66B-B6BCF1A919CD}"
EndProject
Project("{FAE04EC0-301F-11D3-BF4B-00C04F79EFBC}") = "HOONS.TDD.Chapter4.Logger", "HOONS.TDD.Chapter4.Logger\HOONS.TDD.Chapter4.Logger.csproj", "{5901C54B-3382-44DC-8650-F6BC2663BAC2}"
EndProject
Project("{FAE04EC0-301F-11D3-BF4B-00C04F79EFBC}") = "HOONS.TDD.Chapter4.Logger.Test", "HOONS.TDD.Chapter4.Logger.Test\HOONS.TDD.Chapter4.Logger.Test.csproj", "{9892044A-EAB0-4341-B5C5-E10388DD8052}"
EndProject
Project("{2150E333-8FDC-42A3-9474-1A3956D46DE8}") = "Chapter5", "Chapter5", "{6EC7BBFE-86EA-4A63-8270-C2C434C27AE2}"
EndProject
Global
	GlobalSection(SolutionConfigurationPlatforms) = preSolution
		Debug|Any CPU = Debug|Any CPU
		Release|Any CPU = Release|Any CPU
	EndGlobalSection
	GlobalSection(ProjectConfigurationPlatforms) = postSolution
		{2E1E06F5-5DA0-4E3B-9A06-D54A9AA32A08}.Debug|Any CPU.ActiveCfg = Debug|Any CPU
		{2E1E06F5-5DA0-4E3B-9A06-D54A9AA32A08}.Debug|Any CPU.Build.0 = Debug|Any CPU
		{2E1E06F5-5DA0-4E3B-9A06-D54A9AA32A08}.Release|Any CPU.ActiveCfg = Release|Any CPU
		{2E1E06F5-5DA0-4E3B-9A06-D54A9AA32A08}.Release|Any CPU.Build.0 = Release|Any CPU
		{8655F991-E36A-4D1E-BF95-A37BE5705956}.Debug|Any CPU.ActiveCfg = Debug|Any CPU
		{8655F991-E36A-4D1E-BF95-A37BE5705956}.Debug|Any CPU.Build.0 = Debug|Any CPU
		{8655F991-E36A-4D1E-BF95-A37BE5705956}.Release|Any CPU.ActiveCfg = Release|Any CPU
		{8655F991-E36A-4D1E-BF95-A37BE5705956}.Release|Any CPU.Build.0 = Release|Any CPU
		{3BEDF21C-D913-4D86-A3AC-10C9C6FF5B1A}.Debug|Any CPU.ActiveCfg = Debug|Any CPU
		{3BEDF21C-D913-4D86-A3AC-10C9C6FF5B1A}.Debug|Any CPU.Build.0 = Debug|Any CPU
		{3BEDF21C-D913-4D86-A3AC-10C9C6FF5B1A}.Release|Any CPU.ActiveCfg = Release|Any CPU
		{3BEDF21C-D913-4D86-A3AC-10C9C6FF5B1A}.Release|Any CPU.Build.0 = Release|Any CPU
		{4B03C018-200C-4A77-B624-ECD0A1E4DBFE}.Debug|Any CPU.ActiveCfg = Debug|Any CPU
		{4B03C018-200C-4A77-B624-ECD0A1E4DBFE}.Debug|Any CPU.Build.0 = Debug|Any CPU
		{4B03C018-200C-4A77-B624-ECD0A1E4DBFE}.Release|Any CPU.ActiveCfg = Release|Any CPU
		{4B03C018-200C-4A77-B624-ECD0A1E4DBFE}.Release|Any CPU.Build.0 = Release|Any CPU
		{B4BCF400-5DDE-441B-B148-395EA1BF4D70}.Debug|Any CPU.ActiveCfg = Debug|Any CPU
		{B4BCF400-5DDE-441B-B148-395EA1BF4D70}.Debug|Any CPU.Build.0 = Debug|Any CPU
		{B4BCF400-5DDE-441B-B148-395EA1BF4D70}.Release|Any CPU.ActiveCfg = Release|Any CPU
		{B4BCF400-5DDE-441B-B148-395EA1BF4D70}.Release|Any CPU.Build.0 = Release|Any CPU
		{900AC8DC-74CD-430E-9E9E-43935B28CE0B}.Debug|Any CPU.ActiveCfg = Debug|Any CPU
		{900AC8DC-74CD-430E-9E9E-43935B28CE0B}.Debug|Any CPU.Build.0 = Debug|Any CPU
		{900AC8DC-74CD-430E-9E9E-43935B28CE0B}.Release|Any CPU.ActiveCfg = Release|Any CPU
		{900AC8DC-74CD-430E-9E9E-43935B28CE0B}.Release|Any CPU.Build.0 = Release|Any CPU
		{5901C54B-3382-44DC-8650-F6BC2663BAC2}.Debug|Any CPU.ActiveCfg = Debug|Any CPU
		{5901C54B-3382-44DC-8650-F6BC2663BAC2}.Debug|Any CPU.Build.0 = Debug|Any CPU
		{5901C54B-3382-44DC-8650-F6BC2663BAC2}.Release|Any CPU.ActiveCfg = Release|Any CPU
		{5901C54B-3382-44DC-8650-F6BC2663BAC2}.Release|Any CPU.Build.0 = Release|Any CPU
		{9892044A-EAB0-4341-B5C5-E10388DD8052}.Debug|Any CPU.ActiveCfg = Debug|Any CPU
		{9892044A-EAB0-4341-B5C5-E10388DD8052}.Debug|Any CPU.Build.0 = Debug|Any CPU
		{9892044A-EAB0-4341-B5C5-E10388DD8052}.Release|Any CPU.ActiveCfg = Release|Any CPU
		{9892044A-EAB0-4341-B5C5-E10388DD8052}.Release|Any CPU.Build.0 = Release|Any CPU
	EndGlobalSection
	GlobalSection(SolutionProperties) = preSolution
		HideSolutionNode = FALSE
	EndGlobalSection
	GlobalSection(NestedProjects) = preSolution
		{2E1E06F5-5DA0-4E3B-9A06-D54A9AA32A08} = {CD16B1BC-08BD-433F-8E1F-0E44B0231DB2}
		{8655F991-E36A-4D1E-BF95-A37BE5705956} = {CD16B1BC-08BD-433F-8E1F-0E44B0231DB2}
		{3BEDF21C-D913-4D86-A3AC-10C9C6FF5B1A} = {25C322AC-2A22-4EE5-B790-4881BF0873D5}
		{4B03C018-200C-4A77-B624-ECD0A1E4DBFE} = {25C322AC-2A22-4EE5-B790-4881BF0873D5}
		{B4BCF400-5DDE-441B-B148-395EA1BF4D70} = {40180130-681D-4A38-9F7C-4F15352FDE36}
		{900AC8DC-74CD-430E-9E9E-43935B28CE0B} = {40180130-681D-4A38-9F7C-4F15352FDE36}
		{5901C54B-3382-44DC-8650-F6BC2663BAC2} = {463966B8-BEEA-439B-B66B-B6BCF1A919CD}
		{9892044A-EAB0-4341-B5C5-E10388DD8052} = {463966B8-BEEA-439B-B66B-B6BCF1A919CD}
	EndGlobalSection
EndGlobal
